{
  "name": "doom_eternal_bp",
  "version": "1.0.0",
  "lockfileVersion": 3,
  "requires": true,
  "packages": {
    "": {
      "name": "doom_eternal_bp",
      "version": "1.0.0",
      "license": "ISC",
      "dependencies": {
        "@minecraft/server": "^1.13.0-beta.1.21.10-preview.23",
        "@minecraft/server-admin": "^1.0.0-beta.1.21.10-preview.23",
        "@minecraft/server-gametest": "^1.0.0-beta.1.21.10-preview.23",
        "@minecraft/server-net": "^1.0.0-beta.1.21.10-preview.23",
        "@minecraft/server-ui": "^1.3.0-beta.1.21.10-preview.23"
      }
    },
    "node_modules/@minecraft/common": {
      "version": "1.2.0",
      "resolved": "https://registry.npmjs.org/@minecraft/common/-/common-1.2.0.tgz",
      "integrity": "sha512-JdmEq4P3Z/FtoBzhLijFgMSVFnFRrUoLwY8DHHrgtFo0mfLTOLTB1RErYjLMsA6b7BGVNxkX/pfFRiH7QZ0XwQ=="
    },
    "node_modules/@minecraft/server": {
      "version": "1.13.0-beta.1.21.10-preview.23",
      "resolved": "https://registry.npmjs.org/@minecraft/server/-/server-1.13.0-beta.1.21.10-preview.23.tgz",
      "integrity": "sha512-68QIv2VCKWCp/6jSZq1GXd2FmQ+NxjahMA26nHorCv1S1P/P4bpNY0lLhs6HCkY0fvY0xKHVe8t1XDiFMIiTRA==",
      "dependencies": {
        "@minecraft/common": "^1.1.0"
      }
    },
    "node_modules/@minecraft/server-admin": {
      "version": "1.0.0-beta.1.21.10-preview.23",
      "resolved": "https://registry.npmjs.org/@minecraft/server-admin/-/server-admin-1.0.0-beta.1.21.10-preview.23.tgz",
      "integrity": "sha512-ijj50Gmo1FWQCVDPyD2yfQNUuZ5T5ODRVIzxdpYYSmi2WAdl085cFeEf0DDlTMWFQJTMmym0V7QEMUrKdnqTdw==",
      "dependencies": {
        "@minecraft/common": "^1.0.0"
      }
    },
    "node_modules/@minecraft/server-gametest": {
      "version": "1.0.0-beta.1.21.10-preview.23",
      "resolved": "https://registry.npmjs.org/@minecraft/server-gametest/-/server-gametest-1.0.0-beta.1.21.10-preview.23.tgz",
      "integrity": "sha512-6H2zFaayxmHc9YJYVo/cFKvh3VFxhXBrqD+2v2NgDLK+6NDiBRsE2JrPFHKEqb/6KSaKyr6Lb1Wz+ccO9CV4GQ==",
      "dependencies": {
        "@minecraft/common": "^1.0.0",
        "@minecraft/server": "^1.8.0"
      }
    },
    "node_modules/@minecraft/server-gametest/node_modules/@minecraft/server": {
      "version": "1.10.0",
      "resolved": "https://registry.npmjs.org/@minecraft/server/-/server-1.10.0.tgz",
      "integrity": "sha512-liBalm1XKMtf7LPyKZ4VcuwxAbprKcAHnG6b0VUdULezOz/RFj2gqmfyA0qE8azMMa8KVPmnl7hYq4KjoGZmmA==",
      "dependencies": {
        "@minecraft/common": "^1.1.0"
      }
    },
    "node_modules/@minecraft/server-net": {
      "version": "1.0.0-beta.1.21.10-preview.23",
      "resolved": "https://registry.npmjs.org/@minecraft/server-net/-/server-net-1.0.0-beta.1.21.10-preview.23.tgz",
      "integrity": "sha512-jWa5HhdZEqMWdlM/tLMWOJQadoVHWLsWe5EtH5b/DDCTfgyzyWPJetik1bugUGpcciAnQzZCkxmQlbNd9blUSg==",
      "dependencies": {
        "@minecraft/common": "^1.0.0",
        "@minecraft/server-admin": "^1.0.0-beta.1.21.10-preview.23"
      }
    },
    "node_modules/@minecraft/server-ui": {
      "version": "1.3.0-beta.1.21.10-preview.23",
      "resolved": "https://registry.npmjs.org/@minecraft/server-ui/-/server-ui-1.3.0-beta.1.21.10-preview.23.tgz",
      "integrity": "sha512-Q4J0q9u/LAoaxt+Dj3gpZjhRb5OPhbMMxBQdwDtJXQFgajmXPf04erXOwMZcKvLTO5AMRdHurYxsiMaIKRwUqA==",
      "dependencies": {
        "@minecraft/common": "^1.0.0",
        "@minecraft/server": "^1.8.0"
      }
    },
    "node_modules/@minecraft/server-ui/node_modules/@minecraft/server": {
      "version": "1.10.0",
      "resolved": "https://registry.npmjs.org/@minecraft/server/-/server-1.10.0.tgz",
      "integrity": "sha512-liBalm1XKMtf7LPyKZ4VcuwxAbprKcAHnG6b0VUdULezOz/RFj2gqmfyA0qE8azMMa8KVPmnl7hYq4KjoGZmmA==",
      "dependencies": {
        "@minecraft/common": "^1.1.0"
      }
    }
  }
}
