{
  "name": "doom_eternal_bp",
  "version": "1.0.0",
  "lockfileVersion": 3,
  "requires": true,
  "packages": {
    "": {
      "name": "doom_eternal_bp",
      "version": "1.0.0",
      "license": "ISC",
      "devDependencies": {
        "@types/mojang-minecraft": "^0.1.11",
        "typescript": "^5.4.5"
      }
    },
    "node_modules/@types/mojang-minecraft": {
      "version": "0.1.11",
      "resolved": "https://registry.npmjs.org/@types/mojang-minecraft/-/mojang-minecraft-0.1.11.tgz",
      "integrity": "sha512-SlTQ5tCo1zt2qqoh4ROW3wMasoRwf1uu1PtMkoU3FsNnE9mNPQ4nESkSFhh+QLLOQFD984o4CGcBeAwJsV8LpA==",
      "dev": true
    },
    "node_modules/typescript": {
      "version": "5.4.5",
      "resolved": "https://registry.npmjs.org/typescript/-/typescript-5.4.5.tgz",
      "integrity": "sha512-vcI4UpRgg81oIRUFwR0WSIHKt11nJ7SAVlYNIu+QpqeyXP+gpQJy/Z4+F0aGxSE4MqwjyXvW/TzgkLAx2AGHwQ==",
      "dev": true,
      "bin": {
        "tsc": "bin/tsc",
        "tsserver": "bin/tsserver"
      },
      "engines": {
        "node": ">=14.17"
      }
    }
  }
}
